
Microsoft Visual Studio Solution File, Format Version 12.00
# Visual Studio Version 17
VisualStudioVersion = 17.10.35004.147
MinimumVisualStudioVersion = 10.0.40219.1
Project("{2150E333-8FDC-42A3-9474-1A3956D46DE8}") = "Services", "Services", "{85F2B13E-2C4D-4991-81E7-15E8DA97EE8C}"
EndProject
Project("{2150E333-8FDC-42A3-9474-1A3956D46DE8}") = "Catalog", "Catalog", "{A33FAE45-5C50-45E2-AA09-1F026004E8D9}"
EndProject
Project("{FAE04EC0-301F-11D3-BF4B-00C04F79EFBC}") = "Catalog.API", "Services\Catalog\Catalog.API\Catalog.API.csproj", "{D25D4340-482B-497C-B74C-62B1027AAD40}"
EndProject
Global
	GlobalSection(SolutionConfigurationPlatforms) = preSolution
		Debug|Any CPU = Debug|Any CPU
		Release|Any CPU = Release|Any CPU
	EndGlobalSection
	GlobalSection(ProjectConfigurationPlatforms) = postSolution
		{D25D4340-482B-497C-B74C-62B1027AAD40}.Debug|Any CPU.ActiveCfg = Debug|Any CPU
		{D25D4340-482B-497C-B74C-62B1027AAD40}.Debug|Any CPU.Build.0 = Debug|Any CPU
		{D25D4340-482B-497C-B74C-62B1027AAD40}.Release|Any CPU.ActiveCfg = Release|Any CPU
		{D25D4340-482B-497C-B74C-62B1027AAD40}.Release|Any CPU.Build.0 = Release|Any CPU
	EndGlobalSection
	GlobalSection(SolutionProperties) = preSolution
		HideSolutionNode = FALSE
	EndGlobalSection
	GlobalSection(NestedProjects) = preSolution
		{A33FAE45-5C50-45E2-AA09-1F026004E8D9} = {85F2B13E-2C4D-4991-81E7-15E8DA97EE8C}
		{D25D4340-482B-497C-B74C-62B1027AAD40} = {A33FAE45-5C50-45E2-AA09-1F026004E8D9}
	EndGlobalSection
	GlobalSection(ExtensibilityGlobals) = postSolution
		SolutionGuid = {32D73B03-C9B0-4A18-8F0F-9FA24745CFD4}
	EndGlobalSection
EndGlobal
